
Microsoft Visual Studio Solution File, Format Version 12.00
# Visual Studio Version 16
VisualStudioVersion = 16.0.29905.134
MinimumVisualStudioVersion = 10.0.40219.1
Project("{FAE04EC0-301F-11D3-BF4B-00C04F79EFBC}") = "PostComment", "PostComment.csproj", "{A8560A41-5995-4D72-AC39-7DD7EE58145B}"
EndProject
Project("{FAE04EC0-301F-11D3-BF4B-00C04F79EFBC}") = "ObjectWCF", "..\ObjectWCF\ObjectWCF.csproj", "{2215E2FF-4F1F-4973-BE66-803E9572B20A}"
EndProject
Project("{FAE04EC0-301F-11D3-BF4B-00C04F79EFBC}") = "HostWCF", "..\HostWCF\HostWCF.csproj", "{F6797257-E127-49BA-8FE5-0BB5F11CA264}"
EndProject
Project("{FAE04EC0-301F-11D3-BF4B-00C04F79EFBC}") = "WindowsFormsApp", "..\WindowsFormsApp\WindowsFormsApp.csproj", "{2F1F93EE-321F-40EB-B64E-3B3DD8B815DF}"
EndProject
Global
	GlobalSection(SolutionConfigurationPlatforms) = preSolution
		Debug|Any CPU = Debug|Any CPU
		Release|Any CPU = Release|Any CPU
	EndGlobalSection
	GlobalSection(ProjectConfigurationPlatforms) = postSolution
		{A8560A41-5995-4D72-AC39-7DD7EE58145B}.Debug|Any CPU.ActiveCfg = Debug|Any CPU
		{A8560A41-5995-4D72-AC39-7DD7EE58145B}.Debug|Any CPU.Build.0 = Debug|Any CPU
		{A8560A41-5995-4D72-AC39-7DD7EE58145B}.Release|Any CPU.ActiveCfg = Release|Any CPU
		{A8560A41-5995-4D72-AC39-7DD7EE58145B}.Release|Any CPU.Build.0 = Release|Any CPU
		{2215E2FF-4F1F-4973-BE66-803E9572B20A}.Debug|Any CPU.ActiveCfg = Debug|Any CPU
		{2215E2FF-4F1F-4973-BE66-803E9572B20A}.Debug|Any CPU.Build.0 = Debug|Any CPU
		{2215E2FF-4F1F-4973-BE66-803E9572B20A}.Release|Any CPU.ActiveCfg = Release|Any CPU
		{2215E2FF-4F1F-4973-BE66-803E9572B20A}.Release|Any CPU.Build.0 = Release|Any CPU
		{F6797257-E127-49BA-8FE5-0BB5F11CA264}.Debug|Any CPU.ActiveCfg = Debug|Any CPU
		{F6797257-E127-49BA-8FE5-0BB5F11CA264}.Debug|Any CPU.Build.0 = Debug|Any CPU
		{F6797257-E127-49BA-8FE5-0BB5F11CA264}.Release|Any CPU.ActiveCfg = Release|Any CPU
		{F6797257-E127-49BA-8FE5-0BB5F11CA264}.Release|Any CPU.Build.0 = Release|Any CPU
		{2F1F93EE-321F-40EB-B64E-3B3DD8B815DF}.Debug|Any CPU.ActiveCfg = Debug|Any CPU
		{2F1F93EE-321F-40EB-B64E-3B3DD8B815DF}.Debug|Any CPU.Build.0 = Debug|Any CPU
		{2F1F93EE-321F-40EB-B64E-3B3DD8B815DF}.Release|Any CPU.ActiveCfg = Release|Any CPU
		{2F1F93EE-321F-40EB-B64E-3B3DD8B815DF}.Release|Any CPU.Build.0 = Release|Any CPU
	EndGlobalSection
	GlobalSection(SolutionProperties) = preSolution
		HideSolutionNode = FALSE
	EndGlobalSection
	GlobalSection(ExtensibilityGlobals) = postSolution
		SolutionGuid = {0B01B52C-BF9D-4C9E-B801-7D64DFEA1084}
	EndGlobalSection
EndGlobal
