
Microsoft Visual Studio Solution File, Format Version 12.00
# Visual Studio Version 16
VisualStudioVersion = 16.0.29905.134
MinimumVisualStudioVersion = 10.0.40219.1
Project("{FAE04EC0-301F-11D3-BF4B-00C04F79EFBC}") = "GrpcGreeter", "GrpcGreeter.csproj", "{16B8A524-F22A-4114-9ECE-572B0DCEEE3E}"
EndProject
Global
	GlobalSection(SolutionConfigurationPlatforms) = preSolution
		Debug|Any CPU = Debug|Any CPU
		Release|Any CPU = Release|Any CPU
	EndGlobalSection
	GlobalSection(ProjectConfigurationPlatforms) = postSolution
		{16B8A524-F22A-4114-9ECE-572B0DCEEE3E}.Debug|Any CPU.ActiveCfg = Debug|Any CPU
		{16B8A524-F22A-4114-9ECE-572B0DCEEE3E}.Debug|Any CPU.Build.0 = Debug|Any CPU
		{16B8A524-F22A-4114-9ECE-572B0DCEEE3E}.Release|Any CPU.ActiveCfg = Release|Any CPU
		{16B8A524-F22A-4114-9ECE-572B0DCEEE3E}.Release|Any CPU.Build.0 = Release|Any CPU
	EndGlobalSection
	GlobalSection(SolutionProperties) = preSolution
		HideSolutionNode = FALSE
	EndGlobalSection
	GlobalSection(ExtensibilityGlobals) = postSolution
		SolutionGuid = {FB3BC1D0-57B9-485B-BCAA-F590D9328FE8}
	EndGlobalSection
EndGlobal
